[[package]]
name = "aws-lambda-powertools"
version = "1.17.0"
description = "Python utilities for AWS Lambda functions including but not limited to tracing, logging and custom metric"
category = "main"
optional = false
python-versions = ">=3.6.1,<4.0.0"

[package.dependencies]
aws-xray-sdk = ">=2.8.0,<3.0.0"
boto3 = ">=1.12,<2.0"
fastjsonschema = ">=2.14.5,<3.0.0"
jmespath = ">=0.10.0,<0.11.0"

[package.extras]
pydantic = ["pydantic (>=1.8.2,<2.0.0)", "email-validator"]

[[package]]
name = "aws-xray-sdk"
version = "2.8.0"
description = "The AWS X-Ray SDK for Python (the SDK) enables Python developers to record and emit information from within their applications to the AWS X-Ray service."
category = "main"
optional = false
python-versions = "*"

[package.dependencies]
botocore = ">=1.11.3"
future = "*"
wrapt = "*"

[[package]]
name = "boto3"
version = "1.17.98"
description = "The AWS SDK for Python"
category = "main"
optional = false
python-versions = ">= 2.7, !=3.0.*, !=3.1.*, !=3.2.*, !=3.3.*, !=3.4.*, !=3.5.*"

[package.dependencies]
botocore = ">=1.20.98,<1.21.0"
jmespath = ">=0.7.1,<1.0.0"
s3transfer = ">=0.4.0,<0.5.0"

[[package]]
name = "botocore"
version = "1.20.98"
description = "Low-level, data-driven core of boto 3."
category = "main"
optional = false
python-versions = ">= 2.7, !=3.0.*, !=3.1.*, !=3.2.*, !=3.3.*, !=3.4.*, !=3.5.*"

[package.dependencies]
jmespath = ">=0.7.1,<1.0.0"
python-dateutil = ">=2.1,<3.0.0"
urllib3 = ">=1.25.4,<1.27"

[package.extras]
crt = ["awscrt (==0.11.24)"]

[[package]]
name = "fastjsonschema"
version = "2.15.1"
description = "Fastest Python implementation of JSON schema"
category = "main"
optional = false
python-versions = "*"

[package.extras]
devel = ["colorama", "jsonschema", "json-spec", "pylint", "pytest", "pytest-benchmark", "pytest-cache", "validictory"]

[[package]]
name = "future"
version = "0.18.2"
description = "Clean single-source support for Python 3 and 2"
category = "main"
optional = false
python-versions = ">=2.6, !=3.0.*, !=3.1.*, !=3.2.*"

[[package]]
name = "jmespath"
version = "0.10.0"
description = "JSON Matching Expressions"
category = "main"
optional = false
python-versions = ">=2.6, !=3.0.*, !=3.1.*, !=3.2.*"

[[package]]
name = "python-dateutil"
version = "2.8.1"
description = "Extensions to the standard Python datetime module"
category = "main"
optional = false
python-versions = "!=3.0.*,!=3.1.*,!=3.2.*,>=2.7"

[package.dependencies]
six = ">=1.5"

[[package]]
name = "s3transfer"
version = "0.4.2"
description = "An Amazon S3 Transfer Manager"
category = "main"
optional = false
python-versions = "*"

[package.dependencies]
botocore = ">=1.12.36,<2.0a.0"

[package.extras]
crt = ["botocore[crt] (>=1.20.29,<2.0a.0)"]

[[package]]
name = "six"
version = "1.16.0"
description = "Python 2 and 3 compatibility utilities"
category = "main"
optional = false
python-versions = ">=2.7, !=3.0.*, !=3.1.*, !=3.2.*"

[[package]]
name = "urllib3"
version = "1.26.5"
description = "HTTP library with thread-safe connection pooling, file post, and more."
category = "main"
optional = false
python-versions = ">=2.7, !=3.0.*, !=3.1.*, !=3.2.*, !=3.3.*, !=3.4.*, <4"

[package.extras]
brotli = ["brotlipy (>=0.6.0)"]
secure = ["pyOpenSSL (>=0.14)", "cryptography (>=1.3.4)", "idna (>=2.0.0)", "certifi", "ipaddress"]
socks = ["PySocks (>=1.5.6,!=1.5.7,<2.0)"]

[[package]]
name = "wrapt"
version = "1.12.1"
description = "Module for decorators, wrappers and monkey patching."
category = "main"
optional = false
python-versions = "*"

[metadata]
lock-version = "1.1"
python-versions = "^3.8"
content-hash = "10a160721d45cf2198723bf0d2a9009f3bc4da2b2e542bd8866f4437b2575df9"

[metadata.files]
aws-lambda-powertools = [
    {file = "aws_lambda_powertools-1.17.0-py3-none-any.whl", hash = "sha256:3cbb5f6c9916b2356800280250d7ecbc1d1c3e614c07635770253549cea6d1b7"},
    {file = "aws_lambda_powertools-1.17.0.tar.gz", hash = "sha256:d77b482f62c305c3c841b97daab4c682d01797f1827b2976a10bd36a1d4bc21d"},
]
aws-xray-sdk = [
    {file = "aws-xray-sdk-2.8.0.tar.gz", hash = "sha256:90c2fcc982a770e86d009a4c3d2b5c3e372da91cb8284d982bae458e2c0bb268"},
    {file = "aws_xray_sdk-2.8.0-py2.py3-none-any.whl", hash = "sha256:487e44a2e0b2a5b994f7db5fad3a8115f1ea238249117a119bce8ca2750661bd"},
]
boto3 = [
    {file = "boto3-1.17.98-py2.py3-none-any.whl", hash = "sha256:2c2f70608934b03f9c08f4cd185de223b5abd18245dd4d4800e1fbc2a2523e31"},
    {file = "boto3-1.17.98.tar.gz", hash = "sha256:fccfa81cda69bb2317ed97e7149d7d84d19e6ec3bfbe3f721139e7ac0c407c73"},
]
botocore = [
    {file = "botocore-1.20.98-py2.py3-none-any.whl", hash = "sha256:b955b23fe2fbdbbc8e66f37fe2970de6b5d8169f940b200bcf434751709d38f6"},
    {file = "botocore-1.20.98.tar.gz", hash = "sha256:b2a49de4ee04b690142c8e7240f0f5758e3f7673dd39cf398efe893bf5e11c3f"},
]
fastjsonschema = [
    {file = "fastjsonschema-2.15.1-py3-none-any.whl", hash = "sha256:fa2f4bb1e31419c5eb1150f2e0545921712c10c34165b86d33f08f5562ad4b85"},
    {file = "fastjsonschema-2.15.1.tar.gz", hash = "sha256:671f36d225b3493629b5e789428660109528f373cf4b8a22bac6fa2f8191c2d2"},
]
future = [
    {file = "future-0.18.2.tar.gz", hash = "sha256:b1bead90b70cf6ec3f0710ae53a525360fa360d306a86583adc6bf83a4db537d"},
]
jmespath = [
    {file = "jmespath-0.10.0-py2.py3-none-any.whl", hash = "sha256:cdf6525904cc597730141d61b36f2e4b8ecc257c420fa2f4549bac2c2d0cb72f"},
    {file = "jmespath-0.10.0.tar.gz", hash = "sha256:b85d0567b8666149a93172712e68920734333c0ce7e89b78b3e987f71e5ed4f9"},
]
python-dateutil = [
    {file = "python-dateutil-2.8.1.tar.gz", hash = "sha256:73ebfe9dbf22e832286dafa60473e4cd239f8592f699aa5adaf10050e6e1823c"},
    {file = "python_dateutil-2.8.1-py2.py3-none-any.whl", hash = "sha256:75bb3f31ea686f1197762692a9ee6a7550b59fc6ca3a1f4b5d7e32fb98e2da2a"},
]
s3transfer = [
    {file = "s3transfer-0.4.2-py2.py3-none-any.whl", hash = "sha256:9b3752887a2880690ce628bc263d6d13a3864083aeacff4890c1c9839a5eb0bc"},
    {file = "s3transfer-0.4.2.tar.gz", hash = "sha256:cb022f4b16551edebbb31a377d3f09600dbada7363d8c5db7976e7f47732e1b2"},
]
six = [
    {file = "six-1.16.0-py2.py3-none-any.whl", hash = "sha256:8abb2f1d86890a2dfb989f9a77cfcfd3e47c2a354b01111771326f8aa26e0254"},
    {file = "six-1.16.0.tar.gz", hash = "sha256:1e61c37477a1626458e36f7b1d82aa5c9b094fa4802892072e49de9c60c4c926"},
]
urllib3 = [
    {file = "urllib3-1.26.5-py2.py3-none-any.whl", hash = "sha256:753a0374df26658f99d826cfe40394a686d05985786d946fbe4165b5148f5a7c"},
    {file = "urllib3-1.26.5.tar.gz", hash = "sha256:a7acd0977125325f516bda9735fa7142b909a8d01e8b2e4c8108d0984e6e0098"},
]
wrapt = [
    {file = "wrapt-1.12.1.tar.gz", hash = "sha256:b62ffa81fb85f4332a4f609cab4ac40709470da05643a082ec1eb88e6d9b97d7"},
]
